
Microsoft Visual Studio Solution File, Format Version 12.00
# Visual Studio 14
VisualStudioVersion = 14.0.25420.1
MinimumVisualStudioVersion = 10.0.40219.1
Project("{FAE04EC0-301F-11D3-BF4B-00C04F79EFBC}") = "PAVTP04.Presentacion", "PAVTP04.Presentacion\PAVTP04.Presentacion.csproj", "{D12199B4-F223-47C8-A299-ABFA18D5F4D5}"
EndProject
Project("{FAE04EC0-301F-11D3-BF4B-00C04F79EFBC}") = "PAVTP04.Dominio", "PAVTP04.Dominio\PAVTP04.Dominio.csproj", "{94061F0B-7E40-4AE9-ADFD-D30AB53A5A17}"
EndProject
Global
	GlobalSection(SolutionConfigurationPlatforms) = preSolution
		Debug|Any CPU = Debug|Any CPU
		Release|Any CPU = Release|Any CPU
	EndGlobalSection
	GlobalSection(ProjectConfigurationPlatforms) = postSolution
		{D12199B4-F223-47C8-A299-ABFA18D5F4D5}.Debug|Any CPU.ActiveCfg = Debug|Any CPU
		{D12199B4-F223-47C8-A299-ABFA18D5F4D5}.Debug|Any CPU.Build.0 = Debug|Any CPU
		{D12199B4-F223-47C8-A299-ABFA18D5F4D5}.Release|Any CPU.ActiveCfg = Release|Any CPU
		{D12199B4-F223-47C8-A299-ABFA18D5F4D5}.Release|Any CPU.Build.0 = Release|Any CPU
		{94061F0B-7E40-4AE9-ADFD-D30AB53A5A17}.Debug|Any CPU.ActiveCfg = Debug|Any CPU
		{94061F0B-7E40-4AE9-ADFD-D30AB53A5A17}.Debug|Any CPU.Build.0 = Debug|Any CPU
		{94061F0B-7E40-4AE9-ADFD-D30AB53A5A17}.Release|Any CPU.ActiveCfg = Release|Any CPU
		{94061F0B-7E40-4AE9-ADFD-D30AB53A5A17}.Release|Any CPU.Build.0 = Release|Any CPU
	EndGlobalSection
	GlobalSection(SolutionProperties) = preSolution
		HideSolutionNode = FALSE
	EndGlobalSection
EndGlobal
